// !$*UTF8*$!
{
	archiveVersion = 1;
	classes = {
	};
	objectVersion = 46;
	objects = {

/* Begin PBXBuildFile section */
		1F00BDC815280AA60069BD6C /* UIKit.framework in Frameworks */ = {isa = PBXBuildFile; fileRef = 1F00BDC715280AA60069BD6C /* UIKit.framework */; };
		1F00BDCA15280AA60069BD6C /* Foundation.framework in Frameworks */ = {isa = PBXBuildFile; fileRef = 1F00BDC915280AA60069BD6C /* Foundation.framework */; };
		1F00BDCC15280AA60069BD6C /* CoreGraphics.framework in Frameworks */ = {isa = PBXBuildFile; fileRef = 1F00BDCB15280AA60069BD6C /* CoreGraphics.framework */; };
		1F00BDD215280AA60069BD6C /* InfoPlist.strings in Resources */ = {isa = PBXBuildFile; fileRef = 1F00BDD015280AA60069BD6C /* InfoPlist.strings */; };
		1F00BDD415280AA60069BD6C /* main.m in Sources */ = {isa = PBXBuildFile; fileRef = 1F00BDD315280AA60069BD6C /* main.m */; };
		1F00BDD815280AA60069BD6C /* AppDelegate.m in Sources */ = {isa = PBXBuildFile; fileRef = 1F00BDD715280AA60069BD6C /* AppDelegate.m */; };
/* End PBXBuildFile section */

/* Begin PBXFileReference section */
		1F00BDC315280AA60069BD6C /* Top5Apps.app */ = {isa = PBXFileReference; explicitFileType = wrapper.application; includeInIndex = 0; path = Top5Apps.app; sourceTree = BUILT_PRODUCTS_DIR; };
		1F00BDC715280AA60069BD6C /* UIKit.framework */ = {isa = PBXFileReference; lastKnownFileType = wrapper.framework; name = UIKit.framework; path = System/Library/Frameworks/UIKit.framework; sourceTree = SDKROOT; };
		1F00BDC915280AA60069BD6C /* Foundation.framework */ = {isa = PBXFileReference; lastKnownFileType = wrapper.framework; name = Foundation.framework; path = System/Library/Frameworks/Foundation.framework; sourceTree = SDKROOT; };
		1F00BDCB15280AA60069BD6C /* CoreGraphics.framework */ = {isa = PBXFileReference; lastKnownFileType = wrapper.framework; name = CoreGraphics.framework; path = System/Library/Frameworks/CoreGraphics.framework; sourceTree = SDKROOT; };
		1F00BDCF15280AA60069BD6C /* Top5Apps-Info.plist */ = {isa = PBXFileReference; lastKnownFileType = text.plist.xml; path = "Top5Apps-Info.plist"; sourceTree = "<group>"; };
		1F00BDD115280AA60069BD6C /* en */ = {isa = PBXFileReference; lastKnownFileType = text.plist.strings; name = en; path = en.lproj/InfoPlist.strings; sourceTree = "<group>"; };
		1F00BDD315280AA60069BD6C /* main.m */ = {isa = PBXFileReference; lastKnownFileType = sourcecode.c.objc; path = main.m; sourceTree = "<group>"; };
		1F00BDD515280AA60069BD6C /* Top5Apps-Prefix.pch */ = {isa = PBXFileReference; lastKnownFileType = sourcecode.c.h; path = "Top5Apps-Prefix.pch"; sourceTree = "<group>"; };
		1F00BDD615280AA60069BD6C /* AppDelegate.h */ = {isa = PBXFileReference; lastKnownFileType = sourcecode.c.h; path = AppDelegate.h; sourceTree = "<group>"; };
		1F00BDD715280AA60069BD6C /* AppDelegate.m */ = {isa = PBXFileReference; lastKnownFileType = sourcecode.c.objc; path = AppDelegate.m; sourceTree = "<group>"; };
/* End PBXFileReference section */

/* Begin PBXFrameworksBuildPhase section */
		1F00BDC015280AA60069BD6C /* Frameworks */ = {
			isa = PBXFrameworksBuildPhase;
			buildActionMask = 2147483647;
			files = (
				1F00BDC815280AA60069BD6C /* UIKit.framework in Frameworks */,
				1F00BDCA15280AA60069BD6C /* Foundation.framework in Frameworks */,
				1F00BDCC15280AA60069BD6C /* CoreGraphics.framework in Frameworks */,
			);
			runOnlyForDeploymentPostprocessing = 0;
		};
/* End PBXFrameworksBuildPhase section */

/* Begin PBXGroup section */
		1F00BDB815280AA60069BD6C = {
			isa = PBXGroup;
			children = (
				1F00BDCD15280AA60069BD6C /* Top5Apps */,
				1F00BDC615280AA60069BD6C /* Frameworks */,
				1F00BDC415280AA60069BD6C /* Products */,
			);
			sourceTree = "<group>";
		};
		1F00BDC415280AA60069BD6C /* Products */ = {
			isa = PBXGroup;
			children = (
				1F00BDC315280AA60069BD6C /* Top5Apps.app */,
			);
			name = Products;
			sourceTree = "<group>";
		};
		1F00BDC615280AA60069BD6C /* Frameworks */ = {
			isa = PBXGroup;
			children = (
				1F00BDC715280AA60069BD6C /* UIKit.framework */,
				1F00BDC915280AA60069BD6C /* Foundation.framework */,
				1F00BDCB15280AA60069BD6C /* CoreGraphics.framework */,
			);
			name = Frameworks;
			sourceTree = "<group>";
		};
		1F00BDCD15280AA60069BD6C /* Top5Apps */ = {
			isa = PBXGroup;
			children = (
				1F00BDD615280AA60069BD6C /* AppDelegate.h */,
				1F00BDD715280AA60069BD6C /* AppDelegate.m */,
				1F00BDCE15280AA60069BD6C /* Supporting Files */,
			);
			path = Top5Apps;
			sourceTree = "<group>";
		};
		1F00BDCE15280AA60069BD6C /* Supporting Files */ = {
			isa = PBXGroup;
			children = (
				1F00BDCF15280AA60069BD6C /* Top5Apps-Info.plist */,
				1F00BDD015280AA60069BD6C /* InfoPlist.strings */,
				1F00BDD315280AA60069BD6C /* main.m */,
				1F00BDD515280AA60069BD6C /* Top5Apps-Prefix.pch */,
			);
			name = "Supporting Files";
			sourceTree = "<group>";
		};
/* End PBXGroup section */

/* Begin PBXNativeTarget section */
		1F00BDC215280AA60069BD6C /* Top5Apps */ = {
			isa = PBXNativeTarget;
			buildConfigurationList = 1F00BDDB15280AA60069BD6C /* Build configuration list for PBXNativeTarget "Top5Apps" */;
			buildPhases = (
				1F00BDBF15280AA60069BD6C /* Sources */,
				1F00BDC015280AA60069BD6C /* Frameworks */,
				1F00BDC115280AA60069BD6C /* Resources */,
			);
			buildRules = (
			);
			dependencies = (
			);
			name = Top5Apps;
			productName = Top5Apps;
			productReference = 1F00BDC315280AA60069BD6C /* Top5Apps.app */;
			productType = "com.apple.product-type.application";
		};
/* End PBXNativeTarget section */

/* Begin PBXProject section */
		1F00BDBA15280AA60069BD6C /* Project object */ = {
			isa = PBXProject;
			attributes = {
				LastUpgradeCheck = 0420;
			};
			buildConfigurationList = 1F00BDBD15280AA60069BD6C /* Build configuration list for PBXProject "Top5Apps" */;
			compatibilityVersion = "Xcode 3.2";
			developmentRegion = English;
			hasScannedForEncodings = 0;
			knownRegions = (
				en,
			);
			mainGroup = 1F00BDB815280AA60069BD6C;
			productRefGroup = 1F00BDC415280AA60069BD6C /* Products */;
			projectDirPath = "";
			projectRoot = "";
			targets = (
				1F00BDC215280AA60069BD6C /* Top5Apps */,
			);
		};
/* End PBXProject section */

/* Begin PBXResourcesBuildPhase section */
		1F00BDC115280AA60069BD6C /* Resources */ = {
			isa = PBXResourcesBuildPhase;
			buildActionMask = 2147483647;
			files = (
				1F00BDD215280AA60069BD6C /* InfoPlist.strings in Resources */,
			);
			runOnlyForDeploymentPostprocessing = 0;
		};
/* End PBXResourcesBuildPhase section */

/* Begin PBXSourcesBuildPhase section */
		1F00BDBF15280AA60069BD6C /* Sources */ = {
			isa = PBXSourcesBuildPhase;
			buildActionMask = 2147483647;
			files = (
				1F00BDD415280AA60069BD6C /* main.m in Sources */,
				1F00BDD815280AA60069BD6C /* AppDelegate.m in Sources */,
			);
			runOnlyForDeploymentPostprocessing = 0;
		};
/* End PBXSourcesBuildPhase section */

/* Begin PBXVariantGroup section */
		1F00BDD015280AA60069BD6C /* InfoPlist.strings */ = {
			isa = PBXVariantGroup;
			children = (
				1F00BDD115280AA60069BD6C /* en */,
			);
			name = InfoPlist.strings;
			sourceTree = "<group>";
		};
/* End PBXVariantGroup section */

/* Begin XCBuildConfiguration section */
		1F00BDD915280AA60069BD6C /* Debug */ = {
			isa = XCBuildConfiguration;
			buildSettings = {
				ALWAYS_SEARCH_USER_PATHS = NO;
				ARCHS = "$(ARCHS_STANDARD_32_BIT)";
				"CODE_SIGN_IDENTITY[sdk=iphoneos*]" = "iPhone Developer";
				COPY_PHASE_STRIP = NO;
				GCC_C_LANGUAGE_STANDARD = gnu99;
				GCC_DYNAMIC_NO_PIC = NO;
				GCC_OPTIMIZATION_LEVEL = 0;
				GCC_PREPROCESSOR_DEFINITIONS = (
					"DEBUG=1",
					"$(inherited)",
				);
				GCC_SYMBOLS_PRIVATE_EXTERN = NO;
				GCC_VERSION = com.apple.compilers.llvm.clang.1_0;
				GCC_WARN_ABOUT_MISSING_PROTOTYPES = YES;
				GCC_WARN_ABOUT_RETURN_TYPE = YES;
				GCC_WARN_UNUSED_VARIABLE = YES;
				IPHONEOS_DEPLOYMENT_TARGET = 5.0;
				SDKROOT = iphoneos;
				TARGETED_DEVICE_FAMILY = "1,2";
			};
			name = Debug;
		};
		1F00BDDA15280AA60069BD6C /* Release */ = {
			isa = XCBuildConfiguration;
			buildSettings = {
				ALWAYS_SEARCH_USER_PATHS = NO;
				ARCHS = "$(ARCHS_STANDARD_32_BIT)";
				"CODE_SIGN_IDENTITY[sdk=iphoneos*]" = "iPhone Developer";
				COPY_PHASE_STRIP = YES;
				GCC_C_LANGUAGE_STANDARD = gnu99;
				GCC_VERSION = com.apple.compilers.llvm.clang.1_0;
				GCC_WARN_ABOUT_MISSING_PROTOTYPES = YES;
				GCC_WARN_ABOUT_RETURN_TYPE = YES;
				GCC_WARN_UNUSED_VARIABLE = YES;
				IPHONEOS_DEPLOYMENT_TARGET = 5.0;
				OTHER_CFLAGS = "-DNS_BLOCK_ASSERTIONS=1";
				SDKROOT = iphoneos;
				TARGETED_DEVICE_FAMILY = "1,2";
				VALIDATE_PRODUCT = YES;
			};
			name = Release;
		};
		1F00BDDC15280AA60069BD6C /* Debug */ = {
			isa = XCBuildConfiguration;
			buildSettings = {
				GCC_PRECOMPILE_PREFIX_HEADER = YES;
				GCC_PREFIX_HEADER = "Top5Apps/Top5Apps-Prefix.pch";
				INFOPLIST_FILE = "Top5Apps/Top5Apps-Info.plist";
				PRODUCT_NAME = "$(TARGET_NAME)";
				WRAPPER_EXTENSION = app;
			};
			name = Debug;
		};
		1F00BDDD15280AA60069BD6C /* Release */ = {
			isa = XCBuildConfiguration;
			buildSettings = {
				GCC_PRECOMPILE_PREFIX_HEADER = YES;
				GCC_PREFIX_HEADER = "Top5Apps/Top5Apps-Prefix.pch";
				INFOPLIST_FILE = "Top5Apps/Top5Apps-Info.plist";
				PRODUCT_NAME = "$(TARGET_NAME)";
				WRAPPER_EXTENSION = app;
			};
			name = Release;
		};
/* End XCBuildConfiguration section */

/* Begin XCConfigurationList section */
		1F00BDBD15280AA60069BD6C /* Build configuration list for PBXProject "Top5Apps" */ = {
			isa = XCConfigurationList;
			buildConfigurations = (
				1F00BDD915280AA60069BD6C /* Debug */,
				1F00BDDA15280AA60069BD6C /* Release */,
			);
			defaultConfigurationIsVisible = 0;
			defaultConfigurationName = Release;
		};
		1F00BDDB15280AA60069BD6C /* Build configuration list for PBXNativeTarget "Top5Apps" */ = {
			isa = XCConfigurationList;
			buildConfigurations = (
				1F00BDDC15280AA60069BD6C /* Debug */,
				1F00BDDD15280AA60069BD6C /* Release */,
			);
			defaultConfigurationIsVisible = 0;
		};
/* End XCConfigurationList section */
	};
	rootObject = 1F00BDBA15280AA60069BD6C /* Project object */;
}
